
Microsoft Visual Studio Solution File, Format Version 12.00
# Visual Studio Version 16
VisualStudioVersion = 16.0.28729.10
MinimumVisualStudioVersion = 10.0.40219.1
Project("{FAE04EC0-301F-11D3-BF4B-00C04F79EFBC}") = "Dungeons and Dragons", "Dungeons and Dragons\Dungeons and Dragons.csproj", "{7EDAAAD1-4010-403C-8BAE-41578E258DF8}"
EndProject
Global
	GlobalSection(SolutionConfigurationPlatforms) = preSolution
		Debug|Any CPU = Debug|Any CPU
		Release|Any CPU = Release|Any CPU
	EndGlobalSection
	GlobalSection(ProjectConfigurationPlatforms) = postSolution
		{7EDAAAD1-4010-403C-8BAE-41578E258DF8}.Debug|Any CPU.ActiveCfg = Debug|Any CPU
		{7EDAAAD1-4010-403C-8BAE-41578E258DF8}.Debug|Any CPU.Build.0 = Debug|Any CPU
		{7EDAAAD1-4010-403C-8BAE-41578E258DF8}.Release|Any CPU.ActiveCfg = Release|Any CPU
		{7EDAAAD1-4010-403C-8BAE-41578E258DF8}.Release|Any CPU.Build.0 = Release|Any CPU
	EndGlobalSection
	GlobalSection(SolutionProperties) = preSolution
		HideSolutionNode = FALSE
	EndGlobalSection
	GlobalSection(ExtensibilityGlobals) = postSolution
		SolutionGuid = {72FFFCAA-0651-42F6-8B31-59C0AE1441F0}
	EndGlobalSection
EndGlobal
